PODS:
  - ComputeFramework (1.1.0)

DEPENDENCIES:
  - ComputeFramework (from `https://github.com/pradeeprajkumar/ComputeFramework.git`)

EXTERNAL SOURCES:
  ComputeFramework:
    :git: https://github.com/pradeeprajkumar/ComputeFramework.git

CHECKOUT OPTIONS:
  ComputeFramework:
    :commit: f1891a67b8d9f9eccacbe5fe204c9527aad01bec
    :git: https://github.com/pradeeprajkumar/ComputeFramework.git

SPEC CHECKSUMS:
  ComputeFramework: 741620ac1ac28cc5222a7aa817b9b5485feb3547

PODFILE CHECKSUM: 4647a6c216a080b100985d6df253b3aed6db7709

COCOAPODS: 1.4.0
